
Microsoft Visual Studio Solution File, Format Version 12.00
# Visual Studio 15
VisualStudioVersion = 15.0.27130.2027
MinimumVisualStudioVersion = 10.0.40219.1
Project("{FAE04EC0-301F-11D3-BF4B-00C04F79EFBC}") = "AppPropina.Android", "AppPropina\AppPropina.Android\AppPropina.Android.csproj", "{8E9AED6B-3F7A-40C6-8297-A025B70D0087}"
EndProject
Project("{FAE04EC0-301F-11D3-BF4B-00C04F79EFBC}") = "AppPropina.iOS", "AppPropina\AppPropina.iOS\AppPropina.iOS.csproj", "{EFDA1019-557A-4349-9848-9A9DE572F61B}"
EndProject
Project("{FAE04EC0-301F-11D3-BF4B-00C04F79EFBC}") = "AppPropina", "AppPropina\AppPropina\AppPropina.csproj", "{BE3495DC-18EB-4F0C-9946-B1A06291DA10}"
EndProject
Global
	GlobalSection(SolutionConfigurationPlatforms) = preSolution
		Ad-Hoc|Any CPU = Ad-Hoc|Any CPU
		Ad-Hoc|iPhone = Ad-Hoc|iPhone
		Ad-Hoc|iPhoneSimulator = Ad-Hoc|iPhoneSimulator
		AppStore|Any CPU = AppStore|Any CPU
		AppStore|iPhone = AppStore|iPhone
		AppStore|iPhoneSimulator = AppStore|iPhoneSimulator
		Debug|Any CPU = Debug|Any CPU
		Debug|iPhone = Debug|iPhone
		Debug|iPhoneSimulator = Debug|iPhoneSimulator
		Release|Any CPU = Release|Any CPU
		Release|iPhone = Release|iPhone
		Release|iPhoneSimulator = Release|iPhoneSimulator
	EndGlobalSection
	GlobalSection(ProjectConfigurationPlatforms) = postSolution
		{8E9AED6B-3F7A-40C6-8297-A025B70D0087}.Ad-Hoc|Any CPU.ActiveCfg = Release|Any CPU
		{8E9AED6B-3F7A-40C6-8297-A025B70D0087}.Ad-Hoc|Any CPU.Build.0 = Release|Any CPU
		{8E9AED6B-3F7A-40C6-8297-A025B70D0087}.Ad-Hoc|Any CPU.Deploy.0 = Release|Any CPU
		{8E9AED6B-3F7A-40C6-8297-A025B70D0087}.Ad-Hoc|iPhone.ActiveCfg = Release|Any CPU
		{8E9AED6B-3F7A-40C6-8297-A025B70D0087}.Ad-Hoc|iPhone.Build.0 = Release|Any CPU
		{8E9AED6B-3F7A-40C6-8297-A025B70D0087}.Ad-Hoc|iPhone.Deploy.0 = Release|Any CPU
		{8E9AED6B-3F7A-40C6-8297-A025B70D0087}.Ad-Hoc|iPhoneSimulator.ActiveCfg = Release|Any CPU
		{8E9AED6B-3F7A-40C6-8297-A025B70D0087}.Ad-Hoc|iPhoneSimulator.Build.0 = Release|Any CPU
		{8E9AED6B-3F7A-40C6-8297-A025B70D0087}.Ad-Hoc|iPhoneSimulator.Deploy.0 = Release|Any CPU
		{8E9AED6B-3F7A-40C6-8297-A025B70D0087}.AppStore|Any CPU.ActiveCfg = Release|Any CPU
		{8E9AED6B-3F7A-40C6-8297-A025B70D0087}.AppStore|Any CPU.Build.0 = Release|Any CPU
		{8E9AED6B-3F7A-40C6-8297-A025B70D0087}.AppStore|Any CPU.Deploy.0 = Release|Any CPU
		{8E9AED6B-3F7A-40C6-8297-A025B70D0087}.AppStore|iPhone.ActiveCfg = Release|Any CPU
		{8E9AED6B-3F7A-40C6-8297-A025B70D0087}.AppStore|iPhone.Build.0 = Release|Any CPU
		{8E9AED6B-3F7A-40C6-8297-A025B70D0087}.AppStore|iPhone.Deploy.0 = Release|Any CPU
		{8E9AED6B-3F7A-40C6-8297-A025B70D0087}.AppStore|iPhoneSimulator.ActiveCfg = Release|Any CPU
		{8E9AED6B-3F7A-40C6-8297-A025B70D0087}.AppStore|iPhoneSimulator.Build.0 = Release|Any CPU
		{8E9AED6B-3F7A-40C6-8297-A025B70D0087}.AppStore|iPhoneSimulator.Deploy.0 = Release|Any CPU
		{8E9AED6B-3F7A-40C6-8297-A025B70D0087}.Debug|Any CPU.ActiveCfg = Debug|Any CPU
		{8E9AED6B-3F7A-40C6-8297-A025B70D0087}.Debug|Any CPU.Build.0 = Debug|Any CPU
		{8E9AED6B-3F7A-40C6-8297-A025B70D0087}.Debug|Any CPU.Deploy.0 = Debug|Any CPU
		{8E9AED6B-3F7A-40C6-8297-A025B70D0087}.Debug|iPhone.ActiveCfg = Debug|Any CPU
		{8E9AED6B-3F7A-40C6-8297-A025B70D0087}.Debug|iPhone.Build.0 = Debug|Any CPU
		{8E9AED6B-3F7A-40C6-8297-A025B70D0087}.Debug|iPhone.Deploy.0 = Debug|Any CPU
		{8E9AED6B-3F7A-40C6-8297-A025B70D0087}.Debug|iPhoneSimulator.ActiveCfg = Debug|Any CPU
		{8E9AED6B-3F7A-40C6-8297-A025B70D0087}.Debug|iPhoneSimulator.Build.0 = Debug|Any CPU
		{8E9AED6B-3F7A-40C6-8297-A025B70D0087}.Debug|iPhoneSimulator.Deploy.0 = Debug|Any CPU
		{8E9AED6B-3F7A-40C6-8297-A025B70D0087}.Release|Any CPU.ActiveCfg = Release|Any CPU
		{8E9AED6B-3F7A-40C6-8297-A025B70D0087}.Release|Any CPU.Build.0 = Release|Any CPU
		{8E9AED6B-3F7A-40C6-8297-A025B70D0087}.Release|Any CPU.Deploy.0 = Release|Any CPU
		{8E9AED6B-3F7A-40C6-8297-A025B70D0087}.Release|iPhone.ActiveCfg = Release|Any CPU
		{8E9AED6B-3F7A-40C6-8297-A025B70D0087}.Release|iPhone.Build.0 = Release|Any CPU
		{8E9AED6B-3F7A-40C6-8297-A025B70D0087}.Release|iPhone.Deploy.0 = Release|Any CPU
		{8E9AED6B-3F7A-40C6-8297-A025B70D0087}.Release|iPhoneSimulator.ActiveCfg = Release|Any CPU
		{8E9AED6B-3F7A-40C6-8297-A025B70D0087}.Release|iPhoneSimulator.Build.0 = Release|Any CPU
		{8E9AED6B-3F7A-40C6-8297-A025B70D0087}.Release|iPhoneSimulator.Deploy.0 = Release|Any CPU
		{EFDA1019-557A-4349-9848-9A9DE572F61B}.Ad-Hoc|Any CPU.ActiveCfg = Ad-Hoc|iPhone
		{EFDA1019-557A-4349-9848-9A9DE572F61B}.Ad-Hoc|iPhone.ActiveCfg = Ad-Hoc|iPhone
		{EFDA1019-557A-4349-9848-9A9DE572F61B}.Ad-Hoc|iPhone.Build.0 = Ad-Hoc|iPhone
		{EFDA1019-557A-4349-9848-9A9DE572F61B}.Ad-Hoc|iPhoneSimulator.ActiveCfg = Ad-Hoc|iPhoneSimulator
		{EFDA1019-557A-4349-9848-9A9DE572F61B}.Ad-Hoc|iPhoneSimulator.Build.0 = Ad-Hoc|iPhoneSimulator
		{EFDA1019-557A-4349-9848-9A9DE572F61B}.AppStore|Any CPU.ActiveCfg = AppStore|iPhone
		{EFDA1019-557A-4349-9848-9A9DE572F61B}.AppStore|iPhone.ActiveCfg = AppStore|iPhone
		{EFDA1019-557A-4349-9848-9A9DE572F61B}.AppStore|iPhone.Build.0 = AppStore|iPhone
		{EFDA1019-557A-4349-9848-9A9DE572F61B}.AppStore|iPhoneSimulator.ActiveCfg = AppStore|iPhoneSimulator
		{EFDA1019-557A-4349-9848-9A9DE572F61B}.AppStore|iPhoneSimulator.Build.0 = AppStore|iPhoneSimulator
		{EFDA1019-557A-4349-9848-9A9DE572F61B}.Debug|Any CPU.ActiveCfg = Debug|iPhone
		{EFDA1019-557A-4349-9848-9A9DE572F61B}.Debug|iPhone.ActiveCfg = Debug|iPhone
		{EFDA1019-557A-4349-9848-9A9DE572F61B}.Debug|iPhone.Build.0 = Debug|iPhone
		{EFDA1019-557A-4349-9848-9A9DE572F61B}.Debug|iPhoneSimulator.ActiveCfg = Debug|iPhoneSimulator
		{EFDA1019-557A-4349-9848-9A9DE572F61B}.Debug|iPhoneSimulator.Build.0 = Debug|iPhoneSimulator
		{EFDA1019-557A-4349-9848-9A9DE572F61B}.Release|Any CPU.ActiveCfg = Release|iPhone
		{EFDA1019-557A-4349-9848-9A9DE572F61B}.Release|iPhone.ActiveCfg = Release|iPhone
		{EFDA1019-557A-4349-9848-9A9DE572F61B}.Release|iPhone.Build.0 = Release|iPhone
		{EFDA1019-557A-4349-9848-9A9DE572F61B}.Release|iPhoneSimulator.ActiveCfg = Release|iPhoneSimulator
		{EFDA1019-557A-4349-9848-9A9DE572F61B}.Release|iPhoneSimulator.Build.0 = Release|iPhoneSimulator
		{BE3495DC-18EB-4F0C-9946-B1A06291DA10}.Ad-Hoc|Any CPU.ActiveCfg = Debug|Any CPU
		{BE3495DC-18EB-4F0C-9946-B1A06291DA10}.Ad-Hoc|Any CPU.Build.0 = Debug|Any CPU
		{BE3495DC-18EB-4F0C-9946-B1A06291DA10}.Ad-Hoc|iPhone.ActiveCfg = Debug|Any CPU
		{BE3495DC-18EB-4F0C-9946-B1A06291DA10}.Ad-Hoc|iPhone.Build.0 = Debug|Any CPU
		{BE3495DC-18EB-4F0C-9946-B1A06291DA10}.Ad-Hoc|iPhoneSimulator.ActiveCfg = Debug|Any CPU
		{BE3495DC-18EB-4F0C-9946-B1A06291DA10}.Ad-Hoc|iPhoneSimulator.Build.0 = Debug|Any CPU
		{BE3495DC-18EB-4F0C-9946-B1A06291DA10}.AppStore|Any CPU.ActiveCfg = Debug|Any CPU
		{BE3495DC-18EB-4F0C-9946-B1A06291DA10}.AppStore|Any CPU.Build.0 = Debug|Any CPU
		{BE3495DC-18EB-4F0C-9946-B1A06291DA10}.AppStore|iPhone.ActiveCfg = Debug|Any CPU
		{BE3495DC-18EB-4F0C-9946-B1A06291DA10}.AppStore|iPhone.Build.0 = Debug|Any CPU
		{BE3495DC-18EB-4F0C-9946-B1A06291DA10}.AppStore|iPhoneSimulator.ActiveCfg = Debug|Any CPU
		{BE3495DC-18EB-4F0C-9946-B1A06291DA10}.AppStore|iPhoneSimulator.Build.0 = Debug|Any CPU
		{BE3495DC-18EB-4F0C-9946-B1A06291DA10}.Debug|Any CPU.ActiveCfg = Debug|Any CPU
		{BE3495DC-18EB-4F0C-9946-B1A06291DA10}.Debug|Any CPU.Build.0 = Debug|Any CPU
		{BE3495DC-18EB-4F0C-9946-B1A06291DA10}.Debug|iPhone.ActiveCfg = Debug|Any CPU
		{BE3495DC-18EB-4F0C-9946-B1A06291DA10}.Debug|iPhone.Build.0 = Debug|Any CPU
		{BE3495DC-18EB-4F0C-9946-B1A06291DA10}.Debug|iPhoneSimulator.ActiveCfg = Debug|Any CPU
		{BE3495DC-18EB-4F0C-9946-B1A06291DA10}.Debug|iPhoneSimulator.Build.0 = Debug|Any CPU
		{BE3495DC-18EB-4F0C-9946-B1A06291DA10}.Release|Any CPU.ActiveCfg = Release|Any CPU
		{BE3495DC-18EB-4F0C-9946-B1A06291DA10}.Release|Any CPU.Build.0 = Release|Any CPU
		{BE3495DC-18EB-4F0C-9946-B1A06291DA10}.Release|iPhone.ActiveCfg = Release|Any CPU
		{BE3495DC-18EB-4F0C-9946-B1A06291DA10}.Release|iPhone.Build.0 = Release|Any CPU
		{BE3495DC-18EB-4F0C-9946-B1A06291DA10}.Release|iPhoneSimulator.ActiveCfg = Release|Any CPU
		{BE3495DC-18EB-4F0C-9946-B1A06291DA10}.Release|iPhoneSimulator.Build.0 = Release|Any CPU
	EndGlobalSection
	GlobalSection(SolutionProperties) = preSolution
		HideSolutionNode = FALSE
	EndGlobalSection
	GlobalSection(ExtensibilityGlobals) = postSolution
		SolutionGuid = {41AD717E-8038-41F6-B5D2-832381FAD0C4}
	EndGlobalSection
EndGlobal
